# This file is generated by running "yarn install" inside your project.
# Manual changes might be lost - proceed with caution!

__metadata:
  version: 8
  cacheKey: 10c0

"@actions/core@npm:^1.11.1, @actions/core@npm:^1.2.6":
  version: 1.11.1
  resolution: "@actions/core@npm:1.11.1"
  dependencies:
    "@actions/exec": "npm:^1.1.1"
    "@actions/http-client": "npm:^2.0.1"
  checksum: 10c0/9aa30b397d8d0dbc74e69fe46b23fb105cab989beb420c57eacbfc51c6804abe8da0f46973ca9f639d532ea4c096d0f4d37da0223fbe94f304fa3c5f53537c30
  languageName: node
  linkType: hard

"@actions/exec@npm:^1.0.0, @actions/exec@npm:^1.1.1":
  version: 1.1.1
  resolution: "@actions/exec@npm:1.1.1"
  dependencies:
    "@actions/io": "npm:^1.0.1"
  checksum: 10c0/4a09f6bdbe50ce68b5cf8a7254d176230d6a74bccf6ecc3857feee209a8c950ba9adec87cc5ecceb04110182d1c17117234e45557d72fde6229b7fd3a395322a
  languageName: node
  linkType: hard

"@actions/http-client@npm:^2.0.1":
  version: 2.2.3
  resolution: "@actions/http-client@npm:2.2.3"
  dependencies:
    tunnel: "npm:^0.0.6"
    undici: "npm:^5.25.4"
  checksum: 10c0/13141b66a42aa4afd8c50f7479e13a5cdb5084ccb3c73ec48894b8029743389a3d2bf8cdc18e23fb70cd33995740526dd308815613907571e897c3aa1e5eada6
  languageName: node
  linkType: hard

"@actions/io@npm:^1.0.1, @actions/io@npm:^1.1.1, @actions/io@npm:^1.1.3":
  version: 1.1.3
  resolution: "@actions/io@npm:1.1.3"
  checksum: 10c0/5b8751918e5bf0bebd923ba917fb1c0e294401e7ff0037f32c92a4efa4215550df1f6633c63fd4efb2bdaae8711e69b9e36925857db1f38935ff62a5c92ec29e
  languageName: node
  linkType: hard

"@actions/tool-cache@npm:^2.0.1":
  version: 2.0.1
  resolution: "@actions/tool-cache@npm:2.0.1"
  dependencies:
    "@actions/core": "npm:^1.2.6"
    "@actions/exec": "npm:^1.0.0"
    "@actions/http-client": "npm:^2.0.1"
    "@actions/io": "npm:^1.1.1"
    semver: "npm:^6.1.0"
    uuid: "npm:^3.3.2"
  checksum: 10c0/8b3e438842ea7b26a826efe46a0eb839f4e9d9f12c7be10d75fe56826004bd24cb643955332b7e011de5da223cfca1628672aa4ccde5a0df126ebf8329eda044
  languageName: node
  linkType: hard

"@fastify/busboy@npm:^2.0.0":
  version: 2.1.1
  resolution: "@fastify/busboy@npm:2.1.1"
  checksum: 10c0/6f8027a8cba7f8f7b736718b013f5a38c0476eea67034c94a0d3c375e2b114366ad4419e6a6fa7ffc2ef9c6d3e0435d76dd584a7a1cbac23962fda7650b579e3
  languageName: node
  linkType: hard

"semver@npm:^6.1.0":
  version: 6.3.1
  resolution: "semver@npm:6.3.1"
  bin:
    semver: bin/semver.js
  checksum: 10c0/e3d79b609071caa78bcb6ce2ad81c7966a46a7431d9d58b8800cfa9cb6a63699b3899a0e4bcce36167a284578212d9ae6942b6929ba4aa5015c079a67751d42d
  languageName: node
  linkType: hard

"setup-mill@workspace:.":
  version: 0.0.0-use.local
  resolution: "setup-mill@workspace:."
  dependencies:
    "@actions/core": "npm:^1.11.1"
    "@actions/exec": "npm:^1.1.1"
    "@actions/io": "npm:^1.1.3"
    "@actions/tool-cache": "npm:^2.0.1"
  languageName: unknown
  linkType: soft

"tunnel@npm:^0.0.6":
  version: 0.0.6
  resolution: "tunnel@npm:0.0.6"
  checksum: 10c0/e27e7e896f2426c1c747325b5f54efebc1a004647d853fad892b46d64e37591ccd0b97439470795e5262b5c0748d22beb4489a04a0a448029636670bfd801b75
  languageName: node
  linkType: hard

"undici@npm:^5.25.4":
  version: 5.28.4
  resolution: "undici@npm:5.28.4"
  dependencies:
    "@fastify/busboy": "npm:^2.0.0"
  checksum: 10c0/08d0f2596553aa0a54ca6e8e9c7f45aef7d042c60918564e3a142d449eda165a80196f6ef19ea2ef2e6446959e293095d8e40af1236f0d67223b06afac5ecad7
  languageName: node
  linkType: hard

"uuid@npm:^3.3.2":
  version: 3.4.0
  resolution: "uuid@npm:3.4.0"
  bin:
    uuid: ./bin/uuid
  checksum: 10c0/1c13950df865c4f506ebfe0a24023571fa80edf2e62364297a537c80af09c618299797bbf2dbac6b1f8ae5ad182ba474b89db61e0e85839683991f7e08795347
  languageName: node
  linkType: hard
